# THIS IS AN AUTOGENERATED FILE. DO NOT EDIT THIS FILE DIRECTLY.
# yarn lockfile v1


threejs-miniprogram@^0.0.8:
  version "0.0.8"
  resolved "https://registry.yarnpkg.com/threejs-miniprogram/-/threejs-miniprogram-0.0.8.tgz#1dbbc0502a54d0093c611483e1088928f0b342c1"
  integrity sha512-S5IgBMuX57kQsbeSv/5YDc87s+WKvPLYT+Go5FUbSdcjf6/Lq/LoY1uoVxfa00fjLHN+cMuumZ1Op/JmFKUmbw==
